
Microsoft Visual Studio Solution File, Format Version 12.00
# Visual Studio 2012
Project("{FAE04EC0-301F-11D3-BF4B-00C04F79EFBC}") = "RadixConverter.Model", "RadixConverter.Model\RadixConverter.Model.csproj", "{ABA207D9-03F1-4FBB-A7A0-D39EA39F7A52}"
EndProject
Project("{FAE04EC0-301F-11D3-BF4B-00C04F79EFBC}") = "RadixConverter.iOS", "RadixConverter.iOS\RadixConverter.iOS.csproj", "{08A79116-521B-4085-9348-A9450517882F}"
EndProject
Project("{FAE04EC0-301F-11D3-BF4B-00C04F79EFBC}") = "RadixConverter.Android", "RadixConverter.Android\RadixConverter.Android.csproj", "{9271EAA8-32C6-44DA-81E0-CD1477CAFB01}"
EndProject
Global
	GlobalSection(SolutionConfigurationPlatforms) = preSolution
		Debug|Any CPU = Debug|Any CPU
		Release|Any CPU = Release|Any CPU
		Debug|iPhoneSimulator = Debug|iPhoneSimulator
		Release|iPhoneSimulator = Release|iPhoneSimulator
		Debug|iPhone = Debug|iPhone
		Release|iPhone = Release|iPhone
		Ad-Hoc|iPhone = Ad-Hoc|iPhone
		AppStore|iPhone = AppStore|iPhone
	EndGlobalSection
	GlobalSection(ProjectConfigurationPlatforms) = postSolution
		{08A79116-521B-4085-9348-A9450517882F}.Ad-Hoc|iPhone.ActiveCfg = Ad-Hoc|iPhone
		{08A79116-521B-4085-9348-A9450517882F}.Ad-Hoc|iPhone.Build.0 = Ad-Hoc|iPhone
		{08A79116-521B-4085-9348-A9450517882F}.AppStore|iPhone.ActiveCfg = AppStore|iPhone
		{08A79116-521B-4085-9348-A9450517882F}.AppStore|iPhone.Build.0 = AppStore|iPhone
		{08A79116-521B-4085-9348-A9450517882F}.Debug|Any CPU.ActiveCfg = Debug|iPhoneSimulator
		{08A79116-521B-4085-9348-A9450517882F}.Debug|Any CPU.Build.0 = Debug|iPhoneSimulator
		{08A79116-521B-4085-9348-A9450517882F}.Debug|iPhone.ActiveCfg = Debug|iPhone
		{08A79116-521B-4085-9348-A9450517882F}.Debug|iPhone.Build.0 = Debug|iPhone
		{08A79116-521B-4085-9348-A9450517882F}.Debug|iPhoneSimulator.ActiveCfg = Debug|iPhoneSimulator
		{08A79116-521B-4085-9348-A9450517882F}.Debug|iPhoneSimulator.Build.0 = Debug|iPhoneSimulator
		{08A79116-521B-4085-9348-A9450517882F}.Release|Any CPU.ActiveCfg = Release|iPhoneSimulator
		{08A79116-521B-4085-9348-A9450517882F}.Release|Any CPU.Build.0 = Release|iPhoneSimulator
		{08A79116-521B-4085-9348-A9450517882F}.Release|iPhone.ActiveCfg = Release|iPhone
		{08A79116-521B-4085-9348-A9450517882F}.Release|iPhone.Build.0 = Release|iPhone
		{08A79116-521B-4085-9348-A9450517882F}.Release|iPhoneSimulator.ActiveCfg = Release|iPhoneSimulator
		{08A79116-521B-4085-9348-A9450517882F}.Release|iPhoneSimulator.Build.0 = Release|iPhoneSimulator
		{9271EAA8-32C6-44DA-81E0-CD1477CAFB01}.Ad-Hoc|iPhone.ActiveCfg = Release|Any CPU
		{9271EAA8-32C6-44DA-81E0-CD1477CAFB01}.Ad-Hoc|iPhone.Build.0 = Release|Any CPU
		{9271EAA8-32C6-44DA-81E0-CD1477CAFB01}.AppStore|iPhone.ActiveCfg = Release|Any CPU
		{9271EAA8-32C6-44DA-81E0-CD1477CAFB01}.AppStore|iPhone.Build.0 = Release|Any CPU
		{9271EAA8-32C6-44DA-81E0-CD1477CAFB01}.Debug|Any CPU.ActiveCfg = Debug|Any CPU
		{9271EAA8-32C6-44DA-81E0-CD1477CAFB01}.Debug|Any CPU.Build.0 = Debug|Any CPU
		{9271EAA8-32C6-44DA-81E0-CD1477CAFB01}.Debug|iPhone.ActiveCfg = Debug|Any CPU
		{9271EAA8-32C6-44DA-81E0-CD1477CAFB01}.Debug|iPhone.Build.0 = Debug|Any CPU
		{9271EAA8-32C6-44DA-81E0-CD1477CAFB01}.Debug|iPhoneSimulator.ActiveCfg = Debug|Any CPU
		{9271EAA8-32C6-44DA-81E0-CD1477CAFB01}.Debug|iPhoneSimulator.Build.0 = Debug|Any CPU
		{9271EAA8-32C6-44DA-81E0-CD1477CAFB01}.Release|Any CPU.ActiveCfg = Release|Any CPU
		{9271EAA8-32C6-44DA-81E0-CD1477CAFB01}.Release|Any CPU.Build.0 = Release|Any CPU
		{9271EAA8-32C6-44DA-81E0-CD1477CAFB01}.Release|iPhone.ActiveCfg = Release|Any CPU
		{9271EAA8-32C6-44DA-81E0-CD1477CAFB01}.Release|iPhone.Build.0 = Release|Any CPU
		{9271EAA8-32C6-44DA-81E0-CD1477CAFB01}.Release|iPhoneSimulator.ActiveCfg = Release|Any CPU
		{9271EAA8-32C6-44DA-81E0-CD1477CAFB01}.Release|iPhoneSimulator.Build.0 = Release|Any CPU
		{ABA207D9-03F1-4FBB-A7A0-D39EA39F7A52}.Ad-Hoc|iPhone.ActiveCfg = Debug|Any CPU
		{ABA207D9-03F1-4FBB-A7A0-D39EA39F7A52}.Ad-Hoc|iPhone.Build.0 = Debug|Any CPU
		{ABA207D9-03F1-4FBB-A7A0-D39EA39F7A52}.AppStore|iPhone.ActiveCfg = Debug|Any CPU
		{ABA207D9-03F1-4FBB-A7A0-D39EA39F7A52}.AppStore|iPhone.Build.0 = Debug|Any CPU
		{ABA207D9-03F1-4FBB-A7A0-D39EA39F7A52}.Debug|Any CPU.ActiveCfg = Debug|Any CPU
		{ABA207D9-03F1-4FBB-A7A0-D39EA39F7A52}.Debug|Any CPU.Build.0 = Debug|Any CPU
		{ABA207D9-03F1-4FBB-A7A0-D39EA39F7A52}.Debug|iPhone.ActiveCfg = Debug|Any CPU
		{ABA207D9-03F1-4FBB-A7A0-D39EA39F7A52}.Debug|iPhone.Build.0 = Debug|Any CPU
		{ABA207D9-03F1-4FBB-A7A0-D39EA39F7A52}.Debug|iPhoneSimulator.ActiveCfg = Debug|Any CPU
		{ABA207D9-03F1-4FBB-A7A0-D39EA39F7A52}.Debug|iPhoneSimulator.Build.0 = Debug|Any CPU
		{ABA207D9-03F1-4FBB-A7A0-D39EA39F7A52}.Release|Any CPU.ActiveCfg = Release|Any CPU
		{ABA207D9-03F1-4FBB-A7A0-D39EA39F7A52}.Release|Any CPU.Build.0 = Release|Any CPU
		{ABA207D9-03F1-4FBB-A7A0-D39EA39F7A52}.Release|iPhone.ActiveCfg = Release|Any CPU
		{ABA207D9-03F1-4FBB-A7A0-D39EA39F7A52}.Release|iPhone.Build.0 = Release|Any CPU
		{ABA207D9-03F1-4FBB-A7A0-D39EA39F7A52}.Release|iPhoneSimulator.ActiveCfg = Release|Any CPU
		{ABA207D9-03F1-4FBB-A7A0-D39EA39F7A52}.Release|iPhoneSimulator.Build.0 = Release|Any CPU
	EndGlobalSection
EndGlobal
